{
    "name": "gates-of-olympus-playable-ads",
    "lockfileVersion": 3,
    "requires": true,
    "packages": {
        "": {
            "devDependencies": {
                "pnpm": "^10.29.2"
            }
        },
        "node_modules/pnpm": {
            "version": "10.29.2",
            "resolved": "https://registry.npmjs.org/pnpm/-/pnpm-10.29.2.tgz",
            "integrity": "sha512-vvQ/p1nZH9LaSzGaWg0T73pFu5haPXNCBYRw+dIFGjuoZ05ilnJlRobvlEOtE6gtor657rPgIhyHuBVP/510uA==",
            "dev": true,
            "license": "MIT",
            "bin": {
                "pnpm": "bin/pnpm.cjs",
                "pnpx": "bin/pnpx.cjs"
            },
            "engines": {
                "node": ">=18.12"
            },
            "funding": {
                "url": "https://opencollective.com/pnpm"
            }
        }
    }
}
